
Microsoft Visual Studio Solution File, Format Version 12.00
# Visual Studio Version 17
VisualStudioVersion = 17.1.32328.378
MinimumVisualStudioVersion = 10.0.40219.1
Project("{9A19103F-16F7-4668-BE54-9A1E7A4F7556}") = "AuthorizeOnIndividualComponent", "AuthorizeOnIndividualComponent\AuthorizeOnIndividualComponent.csproj", "{B0CFC8C3-A811-4FC1-9E0C-2A92B68A70B1}"
EndProject
Project("{9A19103F-16F7-4668-BE54-9A1E7A4F7556}") = "AuthorizeOnRoute", "AuthorizeOnRoute\AuthorizeOnRoute.csproj", "{975DD08A-DC0E-41B0-92FC-E554A4600B8C}"
EndProject
Project("{9A19103F-16F7-4668-BE54-9A1E7A4F7556}") = "MistakeCreateIdentityWithoutString", "Mistake1\MistakeCreateIdentityWithoutString.csproj", "{72255F19-EDB4-42B2-BC0C-07A4779C7C83}"
EndProject
Project("{9A19103F-16F7-4668-BE54-9A1E7A4F7556}") = "MistakeGetUserInformationWrongWay", "Mistake3\MistakeGetUserInformationWrongWay.csproj", "{8AB5462D-B327-4B48-8873-966ED5242F9B}"
EndProject
Project("{9A19103F-16F7-4668-BE54-9A1E7A4F7556}") = "AuthorizeByRole", "AuthorizeByRole\AuthorizeByRole.csproj", "{37B96DFF-12BF-4817-80FD-5899EB79EABA}"
EndProject
Project("{9A19103F-16F7-4668-BE54-9A1E7A4F7556}") = "AuthorizeByPolicy", "AuthorizeByPolicy\AuthorizeByPolicy.csproj", "{E6482AA8-2129-4011-89BD-874F49745C3D}"
EndProject
Global
	GlobalSection(SolutionConfigurationPlatforms) = preSolution
		Debug|Any CPU = Debug|Any CPU
		Release|Any CPU = Release|Any CPU
	EndGlobalSection
	GlobalSection(ProjectConfigurationPlatforms) = postSolution
		{B0CFC8C3-A811-4FC1-9E0C-2A92B68A70B1}.Debug|Any CPU.ActiveCfg = Debug|Any CPU
		{B0CFC8C3-A811-4FC1-9E0C-2A92B68A70B1}.Debug|Any CPU.Build.0 = Debug|Any CPU
		{B0CFC8C3-A811-4FC1-9E0C-2A92B68A70B1}.Release|Any CPU.ActiveCfg = Release|Any CPU
		{B0CFC8C3-A811-4FC1-9E0C-2A92B68A70B1}.Release|Any CPU.Build.0 = Release|Any CPU
		{975DD08A-DC0E-41B0-92FC-E554A4600B8C}.Debug|Any CPU.ActiveCfg = Debug|Any CPU
		{975DD08A-DC0E-41B0-92FC-E554A4600B8C}.Debug|Any CPU.Build.0 = Debug|Any CPU
		{975DD08A-DC0E-41B0-92FC-E554A4600B8C}.Release|Any CPU.ActiveCfg = Release|Any CPU
		{975DD08A-DC0E-41B0-92FC-E554A4600B8C}.Release|Any CPU.Build.0 = Release|Any CPU
		{72255F19-EDB4-42B2-BC0C-07A4779C7C83}.Debug|Any CPU.ActiveCfg = Debug|Any CPU
		{72255F19-EDB4-42B2-BC0C-07A4779C7C83}.Debug|Any CPU.Build.0 = Debug|Any CPU
		{72255F19-EDB4-42B2-BC0C-07A4779C7C83}.Release|Any CPU.ActiveCfg = Release|Any CPU
		{72255F19-EDB4-42B2-BC0C-07A4779C7C83}.Release|Any CPU.Build.0 = Release|Any CPU
		{8AB5462D-B327-4B48-8873-966ED5242F9B}.Debug|Any CPU.ActiveCfg = Debug|Any CPU
		{8AB5462D-B327-4B48-8873-966ED5242F9B}.Debug|Any CPU.Build.0 = Debug|Any CPU
		{8AB5462D-B327-4B48-8873-966ED5242F9B}.Release|Any CPU.ActiveCfg = Release|Any CPU
		{8AB5462D-B327-4B48-8873-966ED5242F9B}.Release|Any CPU.Build.0 = Release|Any CPU
		{37B96DFF-12BF-4817-80FD-5899EB79EABA}.Debug|Any CPU.ActiveCfg = Debug|Any CPU
		{37B96DFF-12BF-4817-80FD-5899EB79EABA}.Debug|Any CPU.Build.0 = Debug|Any CPU
		{37B96DFF-12BF-4817-80FD-5899EB79EABA}.Release|Any CPU.ActiveCfg = Release|Any CPU
		{37B96DFF-12BF-4817-80FD-5899EB79EABA}.Release|Any CPU.Build.0 = Release|Any CPU
		{E6482AA8-2129-4011-89BD-874F49745C3D}.Debug|Any CPU.ActiveCfg = Debug|Any CPU
		{E6482AA8-2129-4011-89BD-874F49745C3D}.Debug|Any CPU.Build.0 = Debug|Any CPU
		{E6482AA8-2129-4011-89BD-874F49745C3D}.Release|Any CPU.ActiveCfg = Release|Any CPU
		{E6482AA8-2129-4011-89BD-874F49745C3D}.Release|Any CPU.Build.0 = Release|Any CPU
	EndGlobalSection
	GlobalSection(SolutionProperties) = preSolution
		HideSolutionNode = FALSE
	EndGlobalSection
	GlobalSection(ExtensibilityGlobals) = postSolution
		SolutionGuid = {4C162B55-3D34-4F67-AA30-9A03154E7CB3}
	EndGlobalSection
EndGlobal
